// !$*UTF8*$!
{
	archiveVersion = 1;
	classes = {
	};
	objectVersion = 46;
	objects = {

/* Begin PBXBuildFile section */
		04D9A3789FEC4A8ED31002CE /* libPods-PopAnimationDemo.a in Frameworks */ = {isa = PBXBuildFile; fileRef = E816EE41CF86EA1D6B32FB0A /* libPods-PopAnimationDemo.a */; };
		8F6374741CDAF6B8004CB831 /* PanViewController.m in Sources */ = {isa = PBXBuildFile; fileRef = 8F6374731CDAF6B8004CB831 /* PanViewController.m */; };
		8F6374771CDB1368004CB831 /* DecayViewController.m in Sources */ = {isa = PBXBuildFile; fileRef = 8F6374761CDB1368004CB831 /* DecayViewController.m */; };
		8F63747A1CDB2617004CB831 /* ButtonExpandViewController.m in Sources */ = {isa = PBXBuildFile; fileRef = 8F6374791CDB2617004CB831 /* ButtonExpandViewController.m */; };
		8F6F65301CD99DA000FC64E1 /* main.m in Sources */ = {isa = PBXBuildFile; fileRef = 8F6F652F1CD99DA000FC64E1 /* main.m */; };
		8F6F65331CD99DA000FC64E1 /* AppDelegate.m in Sources */ = {isa = PBXBuildFile; fileRef = 8F6F65321CD99DA000FC64E1 /* AppDelegate.m */; };
		8F6F65391CD99DA000FC64E1 /* Main.storyboard in Resources */ = {isa = PBXBuildFile; fileRef = 8F6F65371CD99DA000FC64E1 /* Main.storyboard */; };
		8F6F653B1CD99DA000FC64E1 /* Assets.xcassets in Resources */ = {isa = PBXBuildFile; fileRef = 8F6F653A1CD99DA000FC64E1 /* Assets.xcassets */; };
		8F6F653E1CD99DA000FC64E1 /* LaunchScreen.storyboard in Resources */ = {isa = PBXBuildFile; fileRef = 8F6F653C1CD99DA000FC64E1 /* LaunchScreen.storyboard */; };
		8F6F65491CD99DA100FC64E1 /* PopAnimationDemoTests.m in Sources */ = {isa = PBXBuildFile; fileRef = 8F6F65481CD99DA100FC64E1 /* PopAnimationDemoTests.m */; };
		8F6F65541CD99DA100FC64E1 /* PopAnimationDemoUITests.m in Sources */ = {isa = PBXBuildFile; fileRef = 8F6F65531CD99DA100FC64E1 /* PopAnimationDemoUITests.m */; };
		8F6F65631CD99E9000FC64E1 /* AniTableViewController.m in Sources */ = {isa = PBXBuildFile; fileRef = 8F6F65621CD99E9000FC64E1 /* AniTableViewController.m */; };
		8F6F65661CD9A8AA00FC64E1 /* POPBacisAniOneViewController.m in Sources */ = {isa = PBXBuildFile; fileRef = 8F6F65651CD9A8AA00FC64E1 /* POPBacisAniOneViewController.m */; };
		8F6F65691CD9E95C00FC64E1 /* SpringAniViewController.m in Sources */ = {isa = PBXBuildFile; fileRef = 8F6F65681CD9E95C00FC64E1 /* SpringAniViewController.m */; };
/* End PBXBuildFile section */

/* Begin PBXContainerItemProxy section */
		8F6F65451CD99DA100FC64E1 /* PBXContainerItemProxy */ = {
			isa = PBXContainerItemProxy;
			containerPortal = 8F6F65231CD99DA000FC64E1 /* Project object */;
			proxyType = 1;
			remoteGlobalIDString = 8F6F652A1CD99DA000FC64E1;
			remoteInfo = PopAnimationDemo;
		};
		8F6F65501CD99DA100FC64E1 /* PBXContainerItemProxy */ = {
			isa = PBXContainerItemProxy;
			containerPortal = 8F6F65231CD99DA000FC64E1 /* Project object */;
			proxyType = 1;
			remoteGlobalIDString = 8F6F652A1CD99DA000FC64E1;
			remoteInfo = PopAnimationDemo;
		};
/* End PBXContainerItemProxy section */

/* Begin PBXFileReference section */
		8F6374721CDAF6B8004CB831 /* PanViewController.h */ = {isa = PBXFileReference; fileEncoding = 4; lastKnownFileType = sourcecode.c.h; path = PanViewController.h; sourceTree = "<group>"; };
		8F6374731CDAF6B8004CB831 /* PanViewController.m */ = {isa = PBXFileReference; fileEncoding = 4; lastKnownFileType = sourcecode.c.objc; path = PanViewController.m; sourceTree = "<group>"; };
		8F6374751CDB1368004CB831 /* DecayViewController.h */ = {isa = PBXFileReference; fileEncoding = 4; lastKnownFileType = sourcecode.c.h; path = DecayViewController.h; sourceTree = "<group>"; };
		8F6374761CDB1368004CB831 /* DecayViewController.m */ = {isa = PBXFileReference; fileEncoding = 4; lastKnownFileType = sourcecode.c.objc; path = DecayViewController.m; sourceTree = "<group>"; };
		8F6374781CDB2617004CB831 /* ButtonExpandViewController.h */ = {isa = PBXFileReference; fileEncoding = 4; lastKnownFileType = sourcecode.c.h; path = ButtonExpandViewController.h; sourceTree = "<group>"; };
		8F6374791CDB2617004CB831 /* ButtonExpandViewController.m */ = {isa = PBXFileReference; fileEncoding = 4; lastKnownFileType = sourcecode.c.objc; path = ButtonExpandViewController.m; sourceTree = "<group>"; };
		8F6F652B1CD99DA000FC64E1 /* PopAnimationDemo.app */ = {isa = PBXFileReference; explicitFileType = wrapper.application; includeInIndex = 0; path = PopAnimationDemo.app; sourceTree = BUILT_PRODUCTS_DIR; };
		8F6F652F1CD99DA000FC64E1 /* main.m */ = {isa = PBXFileReference; lastKnownFileType = sourcecode.c.objc; path = main.m; sourceTree = "<group>"; };
		8F6F65311CD99DA000FC64E1 /* AppDelegate.h */ = {isa = PBXFileReference; lastKnownFileType = sourcecode.c.h; path = AppDelegate.h; sourceTree = "<group>"; };
		8F6F65321CD99DA000FC64E1 /* AppDelegate.m */ = {isa = PBXFileReference; lastKnownFileType = sourcecode.c.objc; path = AppDelegate.m; sourceTree = "<group>"; };
		8F6F65381CD99DA000FC64E1 /* Base */ = {isa = PBXFileReference; lastKnownFileType = file.storyboard; name = Base; path = Base.lproj/Main.storyboard; sourceTree = "<group>"; };
		8F6F653A1CD99DA000FC64E1 /* Assets.xcassets */ = {isa = PBXFileReference; lastKnownFileType = folder.assetcatalog; path = Assets.xcassets; sourceTree = "<group>"; };
		8F6F653D1CD99DA000FC64E1 /* Base */ = {isa = PBXFileReference; lastKnownFileType = file.storyboard; name = Base; path = Base.lproj/LaunchScreen.storyboard; sourceTree = "<group>"; };
		8F6F653F1CD99DA000FC64E1 /* Info.plist */ = {isa = PBXFileReference; lastKnownFileType = text.plist.xml; path = Info.plist; sourceTree = "<group>"; };
		8F6F65441CD99DA100FC64E1 /* PopAnimationDemoTests.xctest */ = {isa = PBXFileReference; explicitFileType = wrapper.cfbundle; includeInIndex = 0; path = PopAnimationDemoTests.xctest; sourceTree = BUILT_PRODUCTS_DIR; };
		8F6F65481CD99DA100FC64E1 /* PopAnimationDemoTests.m */ = {isa = PBXFileReference; lastKnownFileType = sourcecode.c.objc; path = PopAnimationDemoTests.m; sourceTree = "<group>"; };
		8F6F654A1CD99DA100FC64E1 /* Info.plist */ = {isa = PBXFileReference; lastKnownFileType = text.plist.xml; path = Info.plist; sourceTree = "<group>"; };
		8F6F654F1CD99DA100FC64E1 /* PopAnimationDemoUITests.xctest */ = {isa = PBXFileReference; explicitFileType = wrapper.cfbundle; includeInIndex = 0; path = PopAnimationDemoUITests.xctest; sourceTree = BUILT_PRODUCTS_DIR; };
		8F6F65531CD99DA100FC64E1 /* PopAnimationDemoUITests.m */ = {isa = PBXFileReference; lastKnownFileType = sourcecode.c.objc; path = PopAnimationDemoUITests.m; sourceTree = "<group>"; };
		8F6F65551CD99DA100FC64E1 /* Info.plist */ = {isa = PBXFileReference; lastKnownFileType = text.plist.xml; path = Info.plist; sourceTree = "<group>"; };
		8F6F65611CD99E9000FC64E1 /* AniTableViewController.h */ = {isa = PBXFileReference; fileEncoding = 4; lastKnownFileType = sourcecode.c.h; path = AniTableViewController.h; sourceTree = "<group>"; };
		8F6F65621CD99E9000FC64E1 /* AniTableViewController.m */ = {isa = PBXFileReference; fileEncoding = 4; lastKnownFileType = sourcecode.c.objc; path = AniTableViewController.m; sourceTree = "<group>"; };
		8F6F65641CD9A8AA00FC64E1 /* POPBacisAniOneViewController.h */ = {isa = PBXFileReference; fileEncoding = 4; lastKnownFileType = sourcecode.c.h; path = POPBacisAniOneViewController.h; sourceTree = "<group>"; };
		8F6F65651CD9A8AA00FC64E1 /* POPBacisAniOneViewController.m */ = {isa = PBXFileReference; fileEncoding = 4; lastKnownFileType = sourcecode.c.objc; path = POPBacisAniOneViewController.m; sourceTree = "<group>"; };
		8F6F65671CD9E95C00FC64E1 /* SpringAniViewController.h */ = {isa = PBXFileReference; fileEncoding = 4; lastKnownFileType = sourcecode.c.h; path = SpringAniViewController.h; sourceTree = "<group>"; };
		8F6F65681CD9E95C00FC64E1 /* SpringAniViewController.m */ = {isa = PBXFileReference; fileEncoding = 4; lastKnownFileType = sourcecode.c.objc; path = SpringAniViewController.m; sourceTree = "<group>"; };
		E816EE41CF86EA1D6B32FB0A /* libPods-PopAnimationDemo.a */ = {isa = PBXFileReference; explicitFileType = archive.ar; includeInIndex = 0; path = "libPods-PopAnimationDemo.a"; sourceTree = BUILT_PRODUCTS_DIR; };
		F036A078750FD583328D1944 /* Pods-PopAnimationDemo.debug.xcconfig */ = {isa = PBXFileReference; includeInIndex = 1; lastKnownFileType = text.xcconfig; name = "Pods-PopAnimationDemo.debug.xcconfig"; path = "Pods/Target Support Files/Pods-PopAnimationDemo/Pods-PopAnimationDemo.debug.xcconfig"; sourceTree = "<group>"; };
		F5D8F0CDC9B528801FE74589 /* Pods-PopAnimationDemo.release.xcconfig */ = {isa = PBXFileReference; includeInIndex = 1; lastKnownFileType = text.xcconfig; name = "Pods-PopAnimationDemo.release.xcconfig"; path = "Pods/Target Support Files/Pods-PopAnimationDemo/Pods-PopAnimationDemo.release.xcconfig"; sourceTree = "<group>"; };
/* End PBXFileReference section */

/* Begin PBXFrameworksBuildPhase section */
		8F6F65281CD99DA000FC64E1 /* Frameworks */ = {
			isa = PBXFrameworksBuildPhase;
			buildActionMask = 2147483647;
			files = (
				04D9A3789FEC4A8ED31002CE /* libPods-PopAnimationDemo.a in Frameworks */,
			);
			runOnlyForDeploymentPostprocessing = 0;
		};
		8F6F65411CD99DA100FC64E1 /* Frameworks */ = {
			isa = PBXFrameworksBuildPhase;
			buildActionMask = 2147483647;
			files = (
			);
			runOnlyForDeploymentPostprocessing = 0;
		};
		8F6F654C1CD99DA100FC64E1 /* Frameworks */ = {
			isa = PBXFrameworksBuildPhase;
			buildActionMask = 2147483647;
			files = (
			);
			runOnlyForDeploymentPostprocessing = 0;
		};
/* End PBXFrameworksBuildPhase section */

/* Begin PBXGroup section */
		78612420F0DFD43DEAC27CF4 /* Pods */ = {
			isa = PBXGroup;
			children = (
				F036A078750FD583328D1944 /* Pods-PopAnimationDemo.debug.xcconfig */,
				F5D8F0CDC9B528801FE74589 /* Pods-PopAnimationDemo.release.xcconfig */,
			);
			name = Pods;
			sourceTree = "<group>";
		};
		8F6F65221CD99DA000FC64E1 = {
			isa = PBXGroup;
			children = (
				8F6F652D1CD99DA000FC64E1 /* PopAnimationDemo */,
				8F6F65471CD99DA100FC64E1 /* PopAnimationDemoTests */,
				8F6F65521CD99DA100FC64E1 /* PopAnimationDemoUITests */,
				8F6F652C1CD99DA000FC64E1 /* Products */,
				78612420F0DFD43DEAC27CF4 /* Pods */,
				A70188897E7297D289EF2506 /* Frameworks */,
			);
			sourceTree = "<group>";
		};
		8F6F652C1CD99DA000FC64E1 /* Products */ = {
			isa = PBXGroup;
			children = (
				8F6F652B1CD99DA000FC64E1 /* PopAnimationDemo.app */,
				8F6F65441CD99DA100FC64E1 /* PopAnimationDemoTests.xctest */,
				8F6F654F1CD99DA100FC64E1 /* PopAnimationDemoUITests.xctest */,
			);
			name = Products;
			sourceTree = "<group>";
		};
		8F6F652D1CD99DA000FC64E1 /* PopAnimationDemo */ = {
			isa = PBXGroup;
			children = (
				8F6F65311CD99DA000FC64E1 /* AppDelegate.h */,
				8F6F65321CD99DA000FC64E1 /* AppDelegate.m */,
				8F6F65371CD99DA000FC64E1 /* Main.storyboard */,
				8F6374721CDAF6B8004CB831 /* PanViewController.h */,
				8F6374731CDAF6B8004CB831 /* PanViewController.m */,
				8F6374751CDB1368004CB831 /* DecayViewController.h */,
				8F6374761CDB1368004CB831 /* DecayViewController.m */,
				8F6374781CDB2617004CB831 /* ButtonExpandViewController.h */,
				8F6374791CDB2617004CB831 /* ButtonExpandViewController.m */,
				8F6F65641CD9A8AA00FC64E1 /* POPBacisAniOneViewController.h */,
				8F6F65651CD9A8AA00FC64E1 /* POPBacisAniOneViewController.m */,
				8F6F65671CD9E95C00FC64E1 /* SpringAniViewController.h */,
				8F6F65681CD9E95C00FC64E1 /* SpringAniViewController.m */,
				8F6F65611CD99E9000FC64E1 /* AniTableViewController.h */,
				8F6F65621CD99E9000FC64E1 /* AniTableViewController.m */,
				8F6F653A1CD99DA000FC64E1 /* Assets.xcassets */,
				8F6F653C1CD99DA000FC64E1 /* LaunchScreen.storyboard */,
				8F6F653F1CD99DA000FC64E1 /* Info.plist */,
				8F6F652E1CD99DA000FC64E1 /* Supporting Files */,
			);
			path = PopAnimationDemo;
			sourceTree = "<group>";
		};
		8F6F652E1CD99DA000FC64E1 /* Supporting Files */ = {
			isa = PBXGroup;
			children = (
				8F6F652F1CD99DA000FC64E1 /* main.m */,
			);
			name = "Supporting Files";
			sourceTree = "<group>";
		};
		8F6F65471CD99DA100FC64E1 /* PopAnimationDemoTests */ = {
			isa = PBXGroup;
			children = (
				8F6F65481CD99DA100FC64E1 /* PopAnimationDemoTests.m */,
				8F6F654A1CD99DA100FC64E1 /* Info.plist */,
			);
			path = PopAnimationDemoTests;
			sourceTree = "<group>";
		};
		8F6F65521CD99DA100FC64E1 /* PopAnimationDemoUITests */ = {
			isa = PBXGroup;
			children = (
				8F6F65531CD99DA100FC64E1 /* PopAnimationDemoUITests.m */,
				8F6F65551CD99DA100FC64E1 /* Info.plist */,
			);
			path = PopAnimationDemoUITests;
			sourceTree = "<group>";
		};
		A70188897E7297D289EF2506 /* Frameworks */ = {
			isa = PBXGroup;
			children = (
				E816EE41CF86EA1D6B32FB0A /* libPods-PopAnimationDemo.a */,
			);
			name = Frameworks;
			sourceTree = "<group>";
		};
/* End PBXGroup section */

/* Begin PBXNativeTarget section */
		8F6F652A1CD99DA000FC64E1 /* PopAnimationDemo */ = {
			isa = PBXNativeTarget;
			buildConfigurationList = 8F6F65581CD99DA100FC64E1 /* Build configuration list for PBXNativeTarget "PopAnimationDemo" */;
			buildPhases = (
				E3DC2F279B1C44660A19407E /* Check Pods Manifest.lock */,
				8F6F65271CD99DA000FC64E1 /* Sources */,
				8F6F65281CD99DA000FC64E1 /* Frameworks */,
				8F6F65291CD99DA000FC64E1 /* Resources */,
				477D145EBCDECBD3097C6B79 /* Embed Pods Frameworks */,
				2D606ADBDC528E356637D02F /* Copy Pods Resources */,
			);
			buildRules = (
			);
			dependencies = (
			);
			name = PopAnimationDemo;
			productName = PopAnimationDemo;
			productReference = 8F6F652B1CD99DA000FC64E1 /* PopAnimationDemo.app */;
			productType = "com.apple.product-type.application";
		};
		8F6F65431CD99DA100FC64E1 /* PopAnimationDemoTests */ = {
			isa = PBXNativeTarget;
			buildConfigurationList = 8F6F655B1CD99DA100FC64E1 /* Build configuration list for PBXNativeTarget "PopAnimationDemoTests" */;
			buildPhases = (
				8F6F65401CD99DA100FC64E1 /* Sources */,
				8F6F65411CD99DA100FC64E1 /* Frameworks */,
				8F6F65421CD99DA100FC64E1 /* Resources */,
			);
			buildRules = (
			);
			dependencies = (
				8F6F65461CD99DA100FC64E1 /* PBXTargetDependency */,
			);
			name = PopAnimationDemoTests;
			productName = PopAnimationDemoTests;
			productReference = 8F6F65441CD99DA100FC64E1 /* PopAnimationDemoTests.xctest */;
			productType = "com.apple.product-type.bundle.unit-test";
		};
		8F6F654E1CD99DA100FC64E1 /* PopAnimationDemoUITests */ = {
			isa = PBXNativeTarget;
			buildConfigurationList = 8F6F655E1CD99DA100FC64E1 /* Build configuration list for PBXNativeTarget "PopAnimationDemoUITests" */;
			buildPhases = (
				8F6F654B1CD99DA100FC64E1 /* Sources */,
				8F6F654C1CD99DA100FC64E1 /* Frameworks */,
				8F6F654D1CD99DA100FC64E1 /* Resources */,
			);
			buildRules = (
			);
			dependencies = (
				8F6F65511CD99DA100FC64E1 /* PBXTargetDependency */,
			);
			name = PopAnimationDemoUITests;
			productName = PopAnimationDemoUITests;
			productReference = 8F6F654F1CD99DA100FC64E1 /* PopAnimationDemoUITests.xctest */;
			productType = "com.apple.product-type.bundle.ui-testing";
		};
/* End PBXNativeTarget section */

/* Begin PBXProject section */
		8F6F65231CD99DA000FC64E1 /* Project object */ = {
			isa = PBXProject;
			attributes = {
				LastUpgradeCheck = 0730;
				ORGANIZATIONNAME = "易仁";
				TargetAttributes = {
					8F6F652A1CD99DA000FC64E1 = {
						CreatedOnToolsVersion = 7.3;
					};
					8F6F65431CD99DA100FC64E1 = {
						CreatedOnToolsVersion = 7.3;
						TestTargetID = 8F6F652A1CD99DA000FC64E1;
					};
					8F6F654E1CD99DA100FC64E1 = {
						CreatedOnToolsVersion = 7.3;
						TestTargetID = 8F6F652A1CD99DA000FC64E1;
					};
				};
			};
			buildConfigurationList = 8F6F65261CD99DA000FC64E1 /* Build configuration list for PBXProject "PopAnimationDemo" */;
			compatibilityVersion = "Xcode 3.2";
			developmentRegion = English;
			hasScannedForEncodings = 0;
			knownRegions = (
				en,
				Base,
			);
			mainGroup = 8F6F65221CD99DA000FC64E1;
			productRefGroup = 8F6F652C1CD99DA000FC64E1 /* Products */;
			projectDirPath = "";
			projectRoot = "";
			targets = (
				8F6F652A1CD99DA000FC64E1 /* PopAnimationDemo */,
				8F6F65431CD99DA100FC64E1 /* PopAnimationDemoTests */,
				8F6F654E1CD99DA100FC64E1 /* PopAnimationDemoUITests */,
			);
		};
/* End PBXProject section */

/* Begin PBXResourcesBuildPhase section */
		8F6F65291CD99DA000FC64E1 /* Resources */ = {
			isa = PBXResourcesBuildPhase;
			buildActionMask = 2147483647;
			files = (
				8F6F653E1CD99DA000FC64E1 /* LaunchScreen.storyboard in Resources */,
				8F6F653B1CD99DA000FC64E1 /* Assets.xcassets in Resources */,
				8F6F65391CD99DA000FC64E1 /* Main.storyboard in Resources */,
			);
			runOnlyForDeploymentPostprocessing = 0;
		};
		8F6F65421CD99DA100FC64E1 /* Resources */ = {
			isa = PBXResourcesBuildPhase;
			buildActionMask = 2147483647;
			files = (
			);
			runOnlyForDeploymentPostprocessing = 0;
		};
		8F6F654D1CD99DA100FC64E1 /* Resources */ = {
			isa = PBXResourcesBuildPhase;
			buildActionMask = 2147483647;
			files = (
			);
			runOnlyForDeploymentPostprocessing = 0;
		};
/* End PBXResourcesBuildPhase section */

/* Begin PBXShellScriptBuildPhase section */
		2D606ADBDC528E356637D02F /* Copy Pods Resources */ = {
			isa = PBXShellScriptBuildPhase;
			buildActionMask = 2147483647;
			files = (
			);
			inputPaths = (
			);
			name = "Copy Pods Resources";
			outputPaths = (
			);
			runOnlyForDeploymentPostprocessing = 0;
			shellPath = /bin/sh;
			shellScript = "\"${SRCROOT}/Pods/Target Support Files/Pods-PopAnimationDemo/Pods-PopAnimationDemo-resources.sh\"\n";
			showEnvVarsInLog = 0;
		};
		477D145EBCDECBD3097C6B79 /* Embed Pods Frameworks */ = {
			isa = PBXShellScriptBuildPhase;
			buildActionMask = 2147483647;
			files = (
			);
			inputPaths = (
			);
			name = "Embed Pods Frameworks";
			outputPaths = (
			);
			runOnlyForDeploymentPostprocessing = 0;
			shellPath = /bin/sh;
			shellScript = "\"${SRCROOT}/Pods/Target Support Files/Pods-PopAnimationDemo/Pods-PopAnimationDemo-frameworks.sh\"\n";
			showEnvVarsInLog = 0;
		};
		E3DC2F279B1C44660A19407E /* Check Pods Manifest.lock */ = {
			isa = PBXShellScriptBuildPhase;
			buildActionMask = 2147483647;
			files = (
			);
			inputPaths = (
			);
			name = "Check Pods Manifest.lock";
			outputPaths = (
			);
			runOnlyForDeploymentPostprocessing = 0;
			shellPath = /bin/sh;
			shellScript = "diff \"${PODS_ROOT}/../Podfile.lock\" \"${PODS_ROOT}/Manifest.lock\" > /dev/null\nif [[ $? != 0 ]] ; then\n    cat << EOM\nerror: The sandbox is not in sync with the Podfile.lock. Run 'pod install' or update your CocoaPods installation.\nEOM\n    exit 1\nfi\n";
			showEnvVarsInLog = 0;
		};
/* End PBXShellScriptBuildPhase section */

/* Begin PBXSourcesBuildPhase section */
		8F6F65271CD99DA000FC64E1 /* Sources */ = {
			isa = PBXSourcesBuildPhase;
			buildActionMask = 2147483647;
			files = (
				8F6374741CDAF6B8004CB831 /* PanViewController.m in Sources */,
				8F6374771CDB1368004CB831 /* DecayViewController.m in Sources */,
				8F63747A1CDB2617004CB831 /* ButtonExpandViewController.m in Sources */,
				8F6F65331CD99DA000FC64E1 /* AppDelegate.m in Sources */,
				8F6F65301CD99DA000FC64E1 /* main.m in Sources */,
				8F6F65631CD99E9000FC64E1 /* AniTableViewController.m in Sources */,
				8F6F65661CD9A8AA00FC64E1 /* POPBacisAniOneViewController.m in Sources */,
				8F6F65691CD9E95C00FC64E1 /* SpringAniViewController.m in Sources */,
			);
			runOnlyForDeploymentPostprocessing = 0;
		};
		8F6F65401CD99DA100FC64E1 /* Sources */ = {
			isa = PBXSourcesBuildPhase;
			buildActionMask = 2147483647;
			files = (
				8F6F65491CD99DA100FC64E1 /* PopAnimationDemoTests.m in Sources */,
			);
			runOnlyForDeploymentPostprocessing = 0;
		};
		8F6F654B1CD99DA100FC64E1 /* Sources */ = {
			isa = PBXSourcesBuildPhase;
			buildActionMask = 2147483647;
			files = (
				8F6F65541CD99DA100FC64E1 /* PopAnimationDemoUITests.m in Sources */,
			);
			runOnlyForDeploymentPostprocessing = 0;
		};
/* End PBXSourcesBuildPhase section */

/* Begin PBXTargetDependency section */
		8F6F65461CD99DA100FC64E1 /* PBXTargetDependency */ = {
			isa = PBXTargetDependency;
			target = 8F6F652A1CD99DA000FC64E1 /* PopAnimationDemo */;
			targetProxy = 8F6F65451CD99DA100FC64E1 /* PBXContainerItemProxy */;
		};
		8F6F65511CD99DA100FC64E1 /* PBXTargetDependency */ = {
			isa = PBXTargetDependency;
			target = 8F6F652A1CD99DA000FC64E1 /* PopAnimationDemo */;
			targetProxy = 8F6F65501CD99DA100FC64E1 /* PBXContainerItemProxy */;
		};
/* End PBXTargetDependency section */

/* Begin PBXVariantGroup section */
		8F6F65371CD99DA000FC64E1 /* Main.storyboard */ = {
			isa = PBXVariantGroup;
			children = (
				8F6F65381CD99DA000FC64E1 /* Base */,
			);
			name = Main.storyboard;
			sourceTree = "<group>";
		};
		8F6F653C1CD99DA000FC64E1 /* LaunchScreen.storyboard */ = {
			isa = PBXVariantGroup;
			children = (
				8F6F653D1CD99DA000FC64E1 /* Base */,
			);
			name = LaunchScreen.storyboard;
			sourceTree = "<group>";
		};
/* End PBXVariantGroup section */

/* Begin XCBuildConfiguration section */
		8F6F65561CD99DA100FC64E1 /* Debug */ = {
			isa = XCBuildConfiguration;
			buildSettings = {
				ALWAYS_SEARCH_USER_PATHS = NO;
				CLANG_ANALYZER_NONNULL = YES;
				CLANG_CXX_LANGUAGE_STANDARD = "gnu++0x";
				CLANG_CXX_LIBRARY = "libc++";
				CLANG_ENABLE_MODULES = YES;
				CLANG_ENABLE_OBJC_ARC = YES;
				CLANG_WARN_BOOL_CONVERSION = YES;
				CLANG_WARN_CONSTANT_CONVERSION = YES;
				CLANG_WARN_DIRECT_OBJC_ISA_USAGE = YES_ERROR;
				CLANG_WARN_EMPTY_BODY = YES;
				CLANG_WARN_ENUM_CONVERSION = YES;
				CLANG_WARN_INT_CONVERSION = YES;
				CLANG_WARN_OBJC_ROOT_CLASS = YES_ERROR;
				CLANG_WARN_UNREACHABLE_CODE = YES;
				CLANG_WARN__DUPLICATE_METHOD_MATCH = YES;
				"CODE_SIGN_IDENTITY[sdk=iphoneos*]" = "iPhone Developer";
				COPY_PHASE_STRIP = NO;
				DEBUG_INFORMATION_FORMAT = dwarf;
				ENABLE_STRICT_OBJC_MSGSEND = YES;
				ENABLE_TESTABILITY = YES;
				GCC_C_LANGUAGE_STANDARD = gnu99;
				GCC_DYNAMIC_NO_PIC = NO;
				GCC_NO_COMMON_BLOCKS = YES;
				GCC_OPTIMIZATION_LEVEL = 0;
				GCC_PREPROCESSOR_DEFINITIONS = (
					"DEBUG=1",
					"$(inherited)",
				);
				GCC_WARN_64_TO_32_BIT_CONVERSION = YES;
				GCC_WARN_ABOUT_RETURN_TYPE = YES_ERROR;
				GCC_WARN_UNDECLARED_SELECTOR = YES;
				GCC_WARN_UNINITIALIZED_AUTOS = YES_AGGRESSIVE;
				GCC_WARN_UNUSED_FUNCTION = YES;
				GCC_WARN_UNUSED_VARIABLE = YES;
				IPHONEOS_DEPLOYMENT_TARGET = 9.3;
				MTL_ENABLE_DEBUG_INFO = YES;
				ONLY_ACTIVE_ARCH = YES;
				SDKROOT = iphoneos;
			};
			name = Debug;
		};
		8F6F65571CD99DA100FC64E1 /* Release */ = {
			isa = XCBuildConfiguration;
			buildSettings = {
				ALWAYS_SEARCH_USER_PATHS = NO;
				CLANG_ANALYZER_NONNULL = YES;
				CLANG_CXX_LANGUAGE_STANDARD = "gnu++0x";
				CLANG_CXX_LIBRARY = "libc++";
				CLANG_ENABLE_MODULES = YES;
				CLANG_ENABLE_OBJC_ARC = YES;
				CLANG_WARN_BOOL_CONVERSION = YES;
				CLANG_WARN_CONSTANT_CONVERSION = YES;
				CLANG_WARN_DIRECT_OBJC_ISA_USAGE = YES_ERROR;
				CLANG_WARN_EMPTY_BODY = YES;
				CLANG_WARN_ENUM_CONVERSION = YES;
				CLANG_WARN_INT_CONVERSION = YES;
				CLANG_WARN_OBJC_ROOT_CLASS = YES_ERROR;
				CLANG_WARN_UNREACHABLE_CODE = YES;
				CLANG_WARN__DUPLICATE_METHOD_MATCH = YES;
				"CODE_SIGN_IDENTITY[sdk=iphoneos*]" = "iPhone Developer";
				COPY_PHASE_STRIP = NO;
				DEBUG_INFORMATION_FORMAT = "dwarf-with-dsym";
				ENABLE_NS_ASSERTIONS = NO;
				ENABLE_STRICT_OBJC_MSGSEND = YES;
				GCC_C_LANGUAGE_STANDARD = gnu99;
				GCC_NO_COMMON_BLOCKS = YES;
				GCC_WARN_64_TO_32_BIT_CONVERSION = YES;
				GCC_WARN_ABOUT_RETURN_TYPE = YES_ERROR;
				GCC_WARN_UNDECLARED_SELECTOR = YES;
				GCC_WARN_UNINITIALIZED_AUTOS = YES_AGGRESSIVE;
				GCC_WARN_UNUSED_FUNCTION = YES;
				GCC_WARN_UNUSED_VARIABLE = YES;
				IPHONEOS_DEPLOYMENT_TARGET = 9.3;
				MTL_ENABLE_DEBUG_INFO = NO;
				SDKROOT = iphoneos;
				VALIDATE_PRODUCT = YES;
			};
			name = Release;
		};
		8F6F65591CD99DA100FC64E1 /* Debug */ = {
			isa = XCBuildConfiguration;
			baseConfigurationReference = F036A078750FD583328D1944 /* Pods-PopAnimationDemo.debug.xcconfig */;
			buildSettings = {
				ASSETCATALOG_COMPILER_APPICON_NAME = AppIcon;
				INFOPLIST_FILE = PopAnimationDemo/Info.plist;
				LD_RUNPATH_SEARCH_PATHS = "$(inherited) @executable_path/Frameworks";
				PRODUCT_BUNDLE_IDENTIFIER = com.qg715buy.yiren.PopAnimationDemo;
				PRODUCT_NAME = "$(TARGET_NAME)";
			};
			name = Debug;
		};
		8F6F655A1CD99DA100FC64E1 /* Release */ = {
			isa = XCBuildConfiguration;
			baseConfigurationReference = F5D8F0CDC9B528801FE74589 /* Pods-PopAnimationDemo.release.xcconfig */;
			buildSettings = {
				ASSETCATALOG_COMPILER_APPICON_NAME = AppIcon;
				INFOPLIST_FILE = PopAnimationDemo/Info.plist;
				LD_RUNPATH_SEARCH_PATHS = "$(inherited) @executable_path/Frameworks";
				PRODUCT_BUNDLE_IDENTIFIER = com.qg715buy.yiren.PopAnimationDemo;
				PRODUCT_NAME = "$(TARGET_NAME)";
			};
			name = Release;
		};
		8F6F655C1CD99DA100FC64E1 /* Debug */ = {
			isa = XCBuildConfiguration;
			buildSettings = {
				BUNDLE_LOADER = "$(TEST_HOST)";
				INFOPLIST_FILE = PopAnimationDemoTests/Info.plist;
				LD_RUNPATH_SEARCH_PATHS = "$(inherited) @executable_path/Frameworks @loader_path/Frameworks";
				PRODUCT_BUNDLE_IDENTIFIER = com.qg715buy.yiren.PopAnimationDemoTests;
				PRODUCT_NAME = "$(TARGET_NAME)";
				TEST_HOST = "$(BUILT_PRODUCTS_DIR)/PopAnimationDemo.app/PopAnimationDemo";
			};
			name = Debug;
		};
		8F6F655D1CD99DA100FC64E1 /* Release */ = {
			isa = XCBuildConfiguration;
			buildSettings = {
				BUNDLE_LOADER = "$(TEST_HOST)";
				INFOPLIST_FILE = PopAnimationDemoTests/Info.plist;
				LD_RUNPATH_SEARCH_PATHS = "$(inherited) @executable_path/Frameworks @loader_path/Frameworks";
				PRODUCT_BUNDLE_IDENTIFIER = com.qg715buy.yiren.PopAnimationDemoTests;
				PRODUCT_NAME = "$(TARGET_NAME)";
				TEST_HOST = "$(BUILT_PRODUCTS_DIR)/PopAnimationDemo.app/PopAnimationDemo";
			};
			name = Release;
		};
		8F6F655F1CD99DA100FC64E1 /* Debug */ = {
			isa = XCBuildConfiguration;
			buildSettings = {
				INFOPLIST_FILE = PopAnimationDemoUITests/Info.plist;
				LD_RUNPATH_SEARCH_PATHS = "$(inherited) @executable_path/Frameworks @loader_path/Frameworks";
				PRODUCT_BUNDLE_IDENTIFIER = com.qg715buy.yiren.PopAnimationDemoUITests;
				PRODUCT_NAME = "$(TARGET_NAME)";
				TEST_TARGET_NAME = PopAnimationDemo;
			};
			name = Debug;
		};
		8F6F65601CD99DA100FC64E1 /* Release */ = {
			isa = XCBuildConfiguration;
			buildSettings = {
				INFOPLIST_FILE = PopAnimationDemoUITests/Info.plist;
				LD_RUNPATH_SEARCH_PATHS = "$(inherited) @executable_path/Frameworks @loader_path/Frameworks";
				PRODUCT_BUNDLE_IDENTIFIER = com.qg715buy.yiren.PopAnimationDemoUITests;
				PRODUCT_NAME = "$(TARGET_NAME)";
				TEST_TARGET_NAME = PopAnimationDemo;
			};
			name = Release;
		};
/* End XCBuildConfiguration section */

/* Begin XCConfigurationList section */
		8F6F65261CD99DA000FC64E1 /* Build configuration list for PBXProject "PopAnimationDemo" */ = {
			isa = XCConfigurationList;
			buildConfigurations = (
				8F6F65561CD99DA100FC64E1 /* Debug */,
				8F6F65571CD99DA100FC64E1 /* Release */,
			);
			defaultConfigurationIsVisible = 0;
			defaultConfigurationName = Release;
		};
		8F6F65581CD99DA100FC64E1 /* Build configuration list for PBXNativeTarget "PopAnimationDemo" */ = {
			isa = XCConfigurationList;
			buildConfigurations = (
				8F6F65591CD99DA100FC64E1 /* Debug */,
				8F6F655A1CD99DA100FC64E1 /* Release */,
			);
			defaultConfigurationIsVisible = 0;
			defaultConfigurationName = Release;
		};
		8F6F655B1CD99DA100FC64E1 /* Build configuration list for PBXNativeTarget "PopAnimationDemoTests" */ = {
			isa = XCConfigurationList;
			buildConfigurations = (
				8F6F655C1CD99DA100FC64E1 /* Debug */,
				8F6F655D1CD99DA100FC64E1 /* Release */,
			);
			defaultConfigurationIsVisible = 0;
			defaultConfigurationName = Release;
		};
		8F6F655E1CD99DA100FC64E1 /* Build configuration list for PBXNativeTarget "PopAnimationDemoUITests" */ = {
			isa = XCConfigurationList;
			buildConfigurations = (
				8F6F655F1CD99DA100FC64E1 /* Debug */,
				8F6F65601CD99DA100FC64E1 /* Release */,
			);
			defaultConfigurationIsVisible = 0;
			defaultConfigurationName = Release;
		};
/* End XCConfigurationList section */
	};
	rootObject = 8F6F65231CD99DA000FC64E1 /* Project object */;
}
